
Microsoft Visual Studio Solution File, Format Version 12.00
# Visual Studio Version 16
VisualStudioVersion = 16.0.30413.136
MinimumVisualStudioVersion = 10.0.40219.1
Project("{9A19103F-16F7-4668-BE54-9A1E7A4F7556}") = "ShareDomain", "ShareDomain\ShareDomain.csproj", "{4B968D31-C539-4EBD-9F2C-DCF8B52380B5}"
EndProject
Project("{9A19103F-16F7-4668-BE54-9A1E7A4F7556}") = "ShareBusiness", "ShareBusiness\ShareBusiness.csproj", "{BDEB0FB9-8602-4AE1-94CD-FFEFE2040C43}"
EndProject
Project("{9A19103F-16F7-4668-BE54-9A1E7A4F7556}") = "EntityModel", "EntityModel\EntityModel.csproj", "{3C412844-DDA1-485F-9FBD-FA8D0E8DE82C}"
EndProject
Project("{9A19103F-16F7-4668-BE54-9A1E7A4F7556}") = "DatabaseEmpty", "DatabaseEmpty\DatabaseEmpty.csproj", "{F5CDD814-C593-4E2E-8C02-AA9B04505158}"
EndProject
Project("{FAE04EC0-301F-11D3-BF4B-00C04F79EFBC}") = "School.WebApp", "School.WebApp\School.WebApp.csproj", "{0780A1BF-6CC0-43F3-B262-C1744CF91A4A}"
EndProject
Global
	GlobalSection(SolutionConfigurationPlatforms) = preSolution
		Debug|Any CPU = Debug|Any CPU
		Release|Any CPU = Release|Any CPU
	EndGlobalSection
	GlobalSection(ProjectConfigurationPlatforms) = postSolution
		{4B968D31-C539-4EBD-9F2C-DCF8B52380B5}.Debug|Any CPU.ActiveCfg = Debug|Any CPU
		{4B968D31-C539-4EBD-9F2C-DCF8B52380B5}.Debug|Any CPU.Build.0 = Debug|Any CPU
		{4B968D31-C539-4EBD-9F2C-DCF8B52380B5}.Release|Any CPU.ActiveCfg = Release|Any CPU
		{4B968D31-C539-4EBD-9F2C-DCF8B52380B5}.Release|Any CPU.Build.0 = Release|Any CPU
		{BDEB0FB9-8602-4AE1-94CD-FFEFE2040C43}.Debug|Any CPU.ActiveCfg = Debug|Any CPU
		{BDEB0FB9-8602-4AE1-94CD-FFEFE2040C43}.Debug|Any CPU.Build.0 = Debug|Any CPU
		{BDEB0FB9-8602-4AE1-94CD-FFEFE2040C43}.Release|Any CPU.ActiveCfg = Release|Any CPU
		{BDEB0FB9-8602-4AE1-94CD-FFEFE2040C43}.Release|Any CPU.Build.0 = Release|Any CPU
		{3C412844-DDA1-485F-9FBD-FA8D0E8DE82C}.Debug|Any CPU.ActiveCfg = Debug|Any CPU
		{3C412844-DDA1-485F-9FBD-FA8D0E8DE82C}.Debug|Any CPU.Build.0 = Debug|Any CPU
		{3C412844-DDA1-485F-9FBD-FA8D0E8DE82C}.Release|Any CPU.ActiveCfg = Release|Any CPU
		{3C412844-DDA1-485F-9FBD-FA8D0E8DE82C}.Release|Any CPU.Build.0 = Release|Any CPU
		{F5CDD814-C593-4E2E-8C02-AA9B04505158}.Debug|Any CPU.ActiveCfg = Debug|Any CPU
		{F5CDD814-C593-4E2E-8C02-AA9B04505158}.Debug|Any CPU.Build.0 = Debug|Any CPU
		{F5CDD814-C593-4E2E-8C02-AA9B04505158}.Release|Any CPU.ActiveCfg = Release|Any CPU
		{F5CDD814-C593-4E2E-8C02-AA9B04505158}.Release|Any CPU.Build.0 = Release|Any CPU
		{0780A1BF-6CC0-43F3-B262-C1744CF91A4A}.Debug|Any CPU.ActiveCfg = Debug|Any CPU
		{0780A1BF-6CC0-43F3-B262-C1744CF91A4A}.Debug|Any CPU.Build.0 = Debug|Any CPU
		{0780A1BF-6CC0-43F3-B262-C1744CF91A4A}.Release|Any CPU.ActiveCfg = Release|Any CPU
		{0780A1BF-6CC0-43F3-B262-C1744CF91A4A}.Release|Any CPU.Build.0 = Release|Any CPU
	EndGlobalSection
	GlobalSection(SolutionProperties) = preSolution
		HideSolutionNode = FALSE
	EndGlobalSection
	GlobalSection(ExtensibilityGlobals) = postSolution
		SolutionGuid = {A35840D6-0BDB-405E-945F-0D55DB9F9AB6}
	EndGlobalSection
EndGlobal
